
Microsoft Visual Studio Solution File, Format Version 12.00
# Visual Studio 2012
Project("{FAE04EC0-301F-11D3-BF4B-00C04F79EFBC}") = "Circle.app", "ConsoleApplication5\Circle.app.csproj", "{0F31EB18-B6A1-4761-B36A-304F5EE603A4}"
EndProject
Global
	GlobalSection(SolutionConfigurationPlatforms) = preSolution
		Debug|Any CPU = Debug|Any CPU
		Release|Any CPU = Release|Any CPU
	EndGlobalSection
	GlobalSection(ProjectConfigurationPlatforms) = postSolution
		{0F31EB18-B6A1-4761-B36A-304F5EE603A4}.Debug|Any CPU.ActiveCfg = Debug|Any CPU
		{0F31EB18-B6A1-4761-B36A-304F5EE603A4}.Debug|Any CPU.Build.0 = Debug|Any CPU
		{0F31EB18-B6A1-4761-B36A-304F5EE603A4}.Release|Any CPU.ActiveCfg = Release|Any CPU
		{0F31EB18-B6A1-4761-B36A-304F5EE603A4}.Release|Any CPU.Build.0 = Release|Any CPU
	EndGlobalSection
	GlobalSection(SolutionProperties) = preSolution
		HideSolutionNode = FALSE
	EndGlobalSection
EndGlobal
